// !$*UTF8*$!
{
	archiveVersion = 1;
	classes = {
	};
	objectVersion = 56;
	objects = {

/* Begin PBXBuildFile section */
		500B9BD32CA5D909007C0069 /* AppDelegate.swift in Sources */ = {isa = PBXBuildFile; fileRef = 500B9BD22CA5D909007C0069 /* AppDelegate.swift */; };
		500B9BD52CA5D909007C0069 /* SceneDelegate.swift in Sources */ = {isa = PBXBuildFile; fileRef = 500B9BD42CA5D909007C0069 /* SceneDelegate.swift */; };
		500B9BD72CA5D909007C0069 /* GameSceneViewController.swift in Sources */ = {isa = PBXBuildFile; fileRef = 500B9BD62CA5D909007C0069 /* GameSceneViewController.swift */; };
		500B9BDA2CA5D909007C0069 /* Base in Resources */ = {isa = PBXBuildFile; fileRef = 500B9BD92CA5D909007C0069 /* Base */; };
		500B9BDC2CA5D90C007C0069 /* Assets.xcassets in Resources */ = {isa = PBXBuildFile; fileRef = 500B9BDB2CA5D90C007C0069 /* Assets.xcassets */; };
		500B9BDF2CA5D90C007C0069 /* Base in Resources */ = {isa = PBXBuildFile; fileRef = 500B9BDE2CA5D90C007C0069 /* Base */; };
		500B9BEA2CA5D90C007C0069 /* MatchEmTests.swift in Sources */ = {isa = PBXBuildFile; fileRef = 500B9BE92CA5D90C007C0069 /* MatchEmTests.swift */; };
		500B9BF42CA5D90C007C0069 /* MatchEmUITests.swift in Sources */ = {isa = PBXBuildFile; fileRef = 500B9BF32CA5D90C007C0069 /* MatchEmUITests.swift */; };
		500B9BF62CA5D90C007C0069 /* MatchEmUITestsLaunchTests.swift in Sources */ = {isa = PBXBuildFile; fileRef = 500B9BF52CA5D90C007C0069 /* MatchEmUITestsLaunchTests.swift */; };
		50DDF1D02CD3BFB300E0928B /* CustomTabBarController.swift in Sources */ = {isa = PBXBuildFile; fileRef = 50DDF1CF2CD3BFB200E0928B /* CustomTabBarController.swift */; };
		50DDF1D22CD3C1FF00E0928B /* Config.swift in Sources */ = {isa = PBXBuildFile; fileRef = 50DDF1D12CD3C1FF00E0928B /* Config.swift */; };
/* End PBXBuildFile section */

/* Begin PBXContainerItemProxy section */
		500B9BE62CA5D90C007C0069 /* PBXContainerItemProxy */ = {
			isa = PBXContainerItemProxy;
			containerPortal = 500B9BC72CA5D909007C0069 /* Project object */;
			proxyType = 1;
			remoteGlobalIDString = 500B9BCE2CA5D909007C0069;
			remoteInfo = MatchEm;
		};
		500B9BF02CA5D90C007C0069 /* PBXContainerItemProxy */ = {
			isa = PBXContainerItemProxy;
			containerPortal = 500B9BC72CA5D909007C0069 /* Project object */;
			proxyType = 1;
			remoteGlobalIDString = 500B9BCE2CA5D909007C0069;
			remoteInfo = MatchEm;
		};
/* End PBXContainerItemProxy section */

/* Begin PBXFileReference section */
		500B9BCF2CA5D909007C0069 /* MatchEm.app */ = {isa = PBXFileReference; explicitFileType = wrapper.application; includeInIndex = 0; path = MatchEm.app; sourceTree = BUILT_PRODUCTS_DIR; };
		500B9BD22CA5D909007C0069 /* AppDelegate.swift */ = {isa = PBXFileReference; lastKnownFileType = sourcecode.swift; path = AppDelegate.swift; sourceTree = "<group>"; };
		500B9BD42CA5D909007C0069 /* SceneDelegate.swift */ = {isa = PBXFileReference; lastKnownFileType = sourcecode.swift; path = SceneDelegate.swift; sourceTree = "<group>"; };
		500B9BD62CA5D909007C0069 /* GameSceneViewController.swift */ = {isa = PBXFileReference; lastKnownFileType = sourcecode.swift; path = GameSceneViewController.swift; sourceTree = "<group>"; };
		500B9BD92CA5D909007C0069 /* Base */ = {isa = PBXFileReference; lastKnownFileType = file.storyboard; name = Base; path = Base.lproj/Main.storyboard; sourceTree = "<group>"; };
		500B9BDB2CA5D90C007C0069 /* Assets.xcassets */ = {isa = PBXFileReference; lastKnownFileType = folder.assetcatalog; path = Assets.xcassets; sourceTree = "<group>"; };
		500B9BDE2CA5D90C007C0069 /* Base */ = {isa = PBXFileReference; lastKnownFileType = file.storyboard; name = Base; path = Base.lproj/LaunchScreen.storyboard; sourceTree = "<group>"; };
		500B9BE02CA5D90C007C0069 /* Info.plist */ = {isa = PBXFileReference; lastKnownFileType = text.plist.xml; path = Info.plist; sourceTree = "<group>"; };
		500B9BE52CA5D90C007C0069 /* MatchEmTests.xctest */ = {isa = PBXFileReference; explicitFileType = wrapper.cfbundle; includeInIndex = 0; path = MatchEmTests.xctest; sourceTree = BUILT_PRODUCTS_DIR; };
		500B9BE92CA5D90C007C0069 /* MatchEmTests.swift */ = {isa = PBXFileReference; lastKnownFileType = sourcecode.swift; path = MatchEmTests.swift; sourceTree = "<group>"; };
		500B9BEF2CA5D90C007C0069 /* MatchEmUITests.xctest */ = {isa = PBXFileReference; explicitFileType = wrapper.cfbundle; includeInIndex = 0; path = MatchEmUITests.xctest; sourceTree = BUILT_PRODUCTS_DIR; };
		500B9BF32CA5D90C007C0069 /* MatchEmUITests.swift */ = {isa = PBXFileReference; lastKnownFileType = sourcecode.swift; path = MatchEmUITests.swift; sourceTree = "<group>"; };
		500B9BF52CA5D90C007C0069 /* MatchEmUITestsLaunchTests.swift */ = {isa = PBXFileReference; lastKnownFileType = sourcecode.swift; path = MatchEmUITestsLaunchTests.swift; sourceTree = "<group>"; };
		50DDF1CF2CD3BFB200E0928B /* CustomTabBarController.swift */ = {isa = PBXFileReference; lastKnownFileType = sourcecode.swift; path = CustomTabBarController.swift; sourceTree = "<group>"; };
		50DDF1D12CD3C1FF00E0928B /* Config.swift */ = {isa = PBXFileReference; lastKnownFileType = sourcecode.swift; path = Config.swift; sourceTree = "<group>"; };
/* End PBXFileReference section */

/* Begin PBXFrameworksBuildPhase section */
		500B9BCC2CA5D909007C0069 /* Frameworks */ = {
			isa = PBXFrameworksBuildPhase;
			buildActionMask = 2147483647;
			files = (
			);
			runOnlyForDeploymentPostprocessing = 0;
		};
		500B9BE22CA5D90C007C0069 /* Frameworks */ = {
			isa = PBXFrameworksBuildPhase;
			buildActionMask = 2147483647;
			files = (
			);
			runOnlyForDeploymentPostprocessing = 0;
		};
		500B9BEC2CA5D90C007C0069 /* Frameworks */ = {
			isa = PBXFrameworksBuildPhase;
			buildActionMask = 2147483647;
			files = (
			);
			runOnlyForDeploymentPostprocessing = 0;
		};
/* End PBXFrameworksBuildPhase section */

/* Begin PBXGroup section */
		500B9BC62CA5D909007C0069 = {
			isa = PBXGroup;
			children = (
				500B9BD12CA5D909007C0069 /* MatchEm */,
				500B9BE82CA5D90C007C0069 /* MatchEmTests */,
				500B9BF22CA5D90C007C0069 /* MatchEmUITests */,
				500B9BD02CA5D909007C0069 /* Products */,
			);
			sourceTree = "<group>";
		};
		500B9BD02CA5D909007C0069 /* Products */ = {
			isa = PBXGroup;
			children = (
				500B9BCF2CA5D909007C0069 /* MatchEm.app */,
				500B9BE52CA5D90C007C0069 /* MatchEmTests.xctest */,
				500B9BEF2CA5D90C007C0069 /* MatchEmUITests.xctest */,
			);
			name = Products;
			sourceTree = "<group>";
		};
		500B9BD12CA5D909007C0069 /* MatchEm */ = {
			isa = PBXGroup;
			children = (
				500B9BD22CA5D909007C0069 /* AppDelegate.swift */,
				500B9BD42CA5D909007C0069 /* SceneDelegate.swift */,
				500B9BD62CA5D909007C0069 /* GameSceneViewController.swift */,
				500B9BD82CA5D909007C0069 /* Main.storyboard */,
				50DDF1D12CD3C1FF00E0928B /* Config.swift */,
				50DDF1CF2CD3BFB200E0928B /* CustomTabBarController.swift */,
				500B9BDB2CA5D90C007C0069 /* Assets.xcassets */,
				500B9BDD2CA5D90C007C0069 /* LaunchScreen.storyboard */,
				500B9BE02CA5D90C007C0069 /* Info.plist */,
			);
			path = MatchEm;
			sourceTree = "<group>";
		};
		500B9BE82CA5D90C007C0069 /* MatchEmTests */ = {
			isa = PBXGroup;
			children = (
				500B9BE92CA5D90C007C0069 /* MatchEmTests.swift */,
			);
			path = MatchEmTests;
			sourceTree = "<group>";
		};
		500B9BF22CA5D90C007C0069 /* MatchEmUITests */ = {
			isa = PBXGroup;
			children = (
				500B9BF32CA5D90C007C0069 /* MatchEmUITests.swift */,
				500B9BF52CA5D90C007C0069 /* MatchEmUITestsLaunchTests.swift */,
			);
			path = MatchEmUITests;
			sourceTree = "<group>";
		};
/* End PBXGroup section */

/* Begin PBXNativeTarget section */
		500B9BCE2CA5D909007C0069 /* MatchEm */ = {
			isa = PBXNativeTarget;
			buildConfigurationList = 500B9BF92CA5D90C007C0069 /* Build configuration list for PBXNativeTarget "MatchEm" */;
			buildPhases = (
				500B9BCB2CA5D909007C0069 /* Sources */,
				500B9BCC2CA5D909007C0069 /* Frameworks */,
				500B9BCD2CA5D909007C0069 /* Resources */,
			);
			buildRules = (
			);
			dependencies = (
			);
			name = MatchEm;
			productName = MatchEm;
			productReference = 500B9BCF2CA5D909007C0069 /* MatchEm.app */;
			productType = "com.apple.product-type.application";
		};
		500B9BE42CA5D90C007C0069 /* MatchEmTests */ = {
			isa = PBXNativeTarget;
			buildConfigurationList = 500B9BFC2CA5D90C007C0069 /* Build configuration list for PBXNativeTarget "MatchEmTests" */;
			buildPhases = (
				500B9BE12CA5D90C007C0069 /* Sources */,
				500B9BE22CA5D90C007C0069 /* Frameworks */,
				500B9BE32CA5D90C007C0069 /* Resources */,
			);
			buildRules = (
			);
			dependencies = (
				500B9BE72CA5D90C007C0069 /* PBXTargetDependency */,
			);
			name = MatchEmTests;
			productName = MatchEmTests;
			productReference = 500B9BE52CA5D90C007C0069 /* MatchEmTests.xctest */;
			productType = "com.apple.product-type.bundle.unit-test";
		};
		500B9BEE2CA5D90C007C0069 /* MatchEmUITests */ = {
			isa = PBXNativeTarget;
			buildConfigurationList = 500B9BFF2CA5D90C007C0069 /* Build configuration list for PBXNativeTarget "MatchEmUITests" */;
			buildPhases = (
				500B9BEB2CA5D90C007C0069 /* Sources */,
				500B9BEC2CA5D90C007C0069 /* Frameworks */,
				500B9BED2CA5D90C007C0069 /* Resources */,
			);
			buildRules = (
			);
			dependencies = (
				500B9BF12CA5D90C007C0069 /* PBXTargetDependency */,
			);
			name = MatchEmUITests;
			productName = MatchEmUITests;
			productReference = 500B9BEF2CA5D90C007C0069 /* MatchEmUITests.xctest */;
			productType = "com.apple.product-type.bundle.ui-testing";
		};
/* End PBXNativeTarget section */

/* Begin PBXProject section */
		500B9BC72CA5D909007C0069 /* Project object */ = {
			isa = PBXProject;
			attributes = {
				BuildIndependentTargetsInParallel = 1;
				LastSwiftUpdateCheck = 1540;
				LastUpgradeCheck = 1540;
				TargetAttributes = {
					500B9BCE2CA5D909007C0069 = {
						CreatedOnToolsVersion = 15.4;
					};
					500B9BE42CA5D90C007C0069 = {
						CreatedOnToolsVersion = 15.4;
						TestTargetID = 500B9BCE2CA5D909007C0069;
					};
					500B9BEE2CA5D90C007C0069 = {
						CreatedOnToolsVersion = 15.4;
						TestTargetID = 500B9BCE2CA5D909007C0069;
					};
				};
			};
			buildConfigurationList = 500B9BCA2CA5D909007C0069 /* Build configuration list for PBXProject "MatchEm" */;
			compatibilityVersion = "Xcode 14.0";
			developmentRegion = en;
			hasScannedForEncodings = 0;
			knownRegions = (
				en,
				Base,
			);
			mainGroup = 500B9BC62CA5D909007C0069;
			productRefGroup = 500B9BD02CA5D909007C0069 /* Products */;
			projectDirPath = "";
			projectRoot = "";
			targets = (
				500B9BCE2CA5D909007C0069 /* MatchEm */,
				500B9BE42CA5D90C007C0069 /* MatchEmTests */,
				500B9BEE2CA5D90C007C0069 /* MatchEmUITests */,
			);
		};
/* End PBXProject section */

/* Begin PBXResourcesBuildPhase section */
		500B9BCD2CA5D909007C0069 /* Resources */ = {
			isa = PBXResourcesBuildPhase;
			buildActionMask = 2147483647;
			files = (
				500B9BDC2CA5D90C007C0069 /* Assets.xcassets in Resources */,
				500B9BDF2CA5D90C007C0069 /* Base in Resources */,
				500B9BDA2CA5D909007C0069 /* Base in Resources */,
			);
			runOnlyForDeploymentPostprocessing = 0;
		};
		500B9BE32CA5D90C007C0069 /* Resources */ = {
			isa = PBXResourcesBuildPhase;
			buildActionMask = 2147483647;
			files = (
			);
			runOnlyForDeploymentPostprocessing = 0;
		};
		500B9BED2CA5D90C007C0069 /* Resources */ = {
			isa = PBXResourcesBuildPhase;
			buildActionMask = 2147483647;
			files = (
			);
			runOnlyForDeploymentPostprocessing = 0;
		};
/* End PBXResourcesBuildPhase section */

/* Begin PBXSourcesBuildPhase section */
		500B9BCB2CA5D909007C0069 /* Sources */ = {
			isa = PBXSourcesBuildPhase;
			buildActionMask = 2147483647;
			files = (
				500B9BD72CA5D909007C0069 /* GameSceneViewController.swift in Sources */,
				500B9BD32CA5D909007C0069 /* AppDelegate.swift in Sources */,
				50DDF1D22CD3C1FF00E0928B /* Config.swift in Sources */,
				50DDF1D02CD3BFB300E0928B /* CustomTabBarController.swift in Sources */,
				500B9BD52CA5D909007C0069 /* SceneDelegate.swift in Sources */,
			);
			runOnlyForDeploymentPostprocessing = 0;
		};
		500B9BE12CA5D90C007C0069 /* Sources */ = {
			isa = PBXSourcesBuildPhase;
			buildActionMask = 2147483647;
			files = (
				500B9BEA2CA5D90C007C0069 /* MatchEmTests.swift in Sources */,
			);
			runOnlyForDeploymentPostprocessing = 0;
		};
		500B9BEB2CA5D90C007C0069 /* Sources */ = {
			isa = PBXSourcesBuildPhase;
			buildActionMask = 2147483647;
			files = (
				500B9BF62CA5D90C007C0069 /* MatchEmUITestsLaunchTests.swift in Sources */,
				500B9BF42CA5D90C007C0069 /* MatchEmUITests.swift in Sources */,
			);
			runOnlyForDeploymentPostprocessing = 0;
		};
/* End PBXSourcesBuildPhase section */

/* Begin PBXTargetDependency section */
		500B9BE72CA5D90C007C0069 /* PBXTargetDependency */ = {
			isa = PBXTargetDependency;
			target = 500B9BCE2CA5D909007C0069 /* MatchEm */;
			targetProxy = 500B9BE62CA5D90C007C0069 /* PBXContainerItemProxy */;
		};
		500B9BF12CA5D90C007C0069 /* PBXTargetDependency */ = {
			isa = PBXTargetDependency;
			target = 500B9BCE2CA5D909007C0069 /* MatchEm */;
			targetProxy = 500B9BF02CA5D90C007C0069 /* PBXContainerItemProxy */;
		};
/* End PBXTargetDependency section */

/* Begin PBXVariantGroup section */
		500B9BD82CA5D909007C0069 /* Main.storyboard */ = {
			isa = PBXVariantGroup;
			children = (
				500B9BD92CA5D909007C0069 /* Base */,
			);
			name = Main.storyboard;
			sourceTree = "<group>";
		};
		500B9BDD2CA5D90C007C0069 /* LaunchScreen.storyboard */ = {
			isa = PBXVariantGroup;
			children = (
				500B9BDE2CA5D90C007C0069 /* Base */,
			);
			name = LaunchScreen.storyboard;
			sourceTree = "<group>";
		};
/* End PBXVariantGroup section */

/* Begin XCBuildConfiguration section */
		500B9BF72CA5D90C007C0069 /* Debug */ = {
			isa = XCBuildConfiguration;
			buildSettings = {
				ALWAYS_SEARCH_USER_PATHS = NO;
				ASSETCATALOG_COMPILER_GENERATE_SWIFT_ASSET_SYMBOL_EXTENSIONS = YES;
				CLANG_ANALYZER_NONNULL = YES;
				CLANG_ANALYZER_NUMBER_OBJECT_CONVERSION = YES_AGGRESSIVE;
				CLANG_CXX_LANGUAGE_STANDARD = "gnu++20";
				CLANG_ENABLE_MODULES = YES;
				CLANG_ENABLE_OBJC_ARC = YES;
				CLANG_ENABLE_OBJC_WEAK = YES;
				CLANG_WARN_BLOCK_CAPTURE_AUTORELEASING = YES;
				CLANG_WARN_BOOL_CONVERSION = YES;
				CLANG_WARN_COMMA = YES;
				CLANG_WARN_CONSTANT_CONVERSION = YES;
				CLANG_WARN_DEPRECATED_OBJC_IMPLEMENTATIONS = YES;
				CLANG_WARN_DIRECT_OBJC_ISA_USAGE = YES_ERROR;
				CLANG_WARN_DOCUMENTATION_COMMENTS = YES;
				CLANG_WARN_EMPTY_BODY = YES;
				CLANG_WARN_ENUM_CONVERSION = YES;
				CLANG_WARN_INFINITE_RECURSION = YES;
				CLANG_WARN_INT_CONVERSION = YES;
				CLANG_WARN_NON_LITERAL_NULL_CONVERSION = YES;
				CLANG_WARN_OBJC_IMPLICIT_RETAIN_SELF = YES;
				CLANG_WARN_OBJC_LITERAL_CONVERSION = YES;
				CLANG_WARN_OBJC_ROOT_CLASS = YES_ERROR;
				CLANG_WARN_QUOTED_INCLUDE_IN_FRAMEWORK_HEADER = YES;
				CLANG_WARN_RANGE_LOOP_ANALYSIS = YES;
				CLANG_WARN_STRICT_PROTOTYPES = YES;
				CLANG_WARN_SUSPICIOUS_MOVE = YES;
				CLANG_WARN_UNGUARDED_AVAILABILITY = YES_AGGRESSIVE;
				CLANG_WARN_UNREACHABLE_CODE = YES;
				CLANG_WARN__DUPLICATE_METHOD_MATCH = YES;
				COPY_PHASE_STRIP = NO;
				DEBUG_INFORMATION_FORMAT = dwarf;
				ENABLE_STRICT_OBJC_MSGSEND = YES;
				ENABLE_TESTABILITY = YES;
				ENABLE_USER_SCRIPT_SANDBOXING = YES;
				GCC_C_LANGUAGE_STANDARD = gnu17;
				GCC_DYNAMIC_NO_PIC = NO;
				GCC_NO_COMMON_BLOCKS = YES;
				GCC_OPTIMIZATION_LEVEL = 0;
				GCC_PREPROCESSOR_DEFINITIONS = (
					"DEBUG=1",
					"$(inherited)",
				);
				GCC_WARN_64_TO_32_BIT_CONVERSION = YES;
				GCC_WARN_ABOUT_RETURN_TYPE = YES_ERROR;
				GCC_WARN_UNDECLARED_SELECTOR = YES;
				GCC_WARN_UNINITIALIZED_AUTOS = YES_AGGRESSIVE;
				GCC_WARN_UNUSED_FUNCTION = YES;
				GCC_WARN_UNUSED_VARIABLE = YES;
				IPHONEOS_DEPLOYMENT_TARGET = 17.5;
				LOCALIZATION_PREFERS_STRING_CATALOGS = YES;
				MTL_ENABLE_DEBUG_INFO = INCLUDE_SOURCE;
				MTL_FAST_MATH = YES;
				ONLY_ACTIVE_ARCH = YES;
				SDKROOT = iphoneos;
				SWIFT_ACTIVE_COMPILATION_CONDITIONS = "DEBUG $(inherited)";
				SWIFT_OPTIMIZATION_LEVEL = "-Onone";
			};
			name = Debug;
		};
		500B9BF82CA5D90C007C0069 /* Release */ = {
			isa = XCBuildConfiguration;
			buildSettings = {
				ALWAYS_SEARCH_USER_PATHS = NO;
				ASSETCATALOG_COMPILER_GENERATE_SWIFT_ASSET_SYMBOL_EXTENSIONS = YES;
				CLANG_ANALYZER_NONNULL = YES;
				CLANG_ANALYZER_NUMBER_OBJECT_CONVERSION = YES_AGGRESSIVE;
				CLANG_CXX_LANGUAGE_STANDARD = "gnu++20";
				CLANG_ENABLE_MODULES = YES;
				CLANG_ENABLE_OBJC_ARC = YES;
				CLANG_ENABLE_OBJC_WEAK = YES;
				CLANG_WARN_BLOCK_CAPTURE_AUTORELEASING = YES;
				CLANG_WARN_BOOL_CONVERSION = YES;
				CLANG_WARN_COMMA = YES;
				CLANG_WARN_CONSTANT_CONVERSION = YES;
				CLANG_WARN_DEPRECATED_OBJC_IMPLEMENTATIONS = YES;
				CLANG_WARN_DIRECT_OBJC_ISA_USAGE = YES_ERROR;
				CLANG_WARN_DOCUMENTATION_COMMENTS = YES;
				CLANG_WARN_EMPTY_BODY = YES;
				CLANG_WARN_ENUM_CONVERSION = YES;
				CLANG_WARN_INFINITE_RECURSION = YES;
				CLANG_WARN_INT_CONVERSION = YES;
				CLANG_WARN_NON_LITERAL_NULL_CONVERSION = YES;
				CLANG_WARN_OBJC_IMPLICIT_RETAIN_SELF = YES;
				CLANG_WARN_OBJC_LITERAL_CONVERSION = YES;
				CLANG_WARN_OBJC_ROOT_CLASS = YES_ERROR;
				CLANG_WARN_QUOTED_INCLUDE_IN_FRAMEWORK_HEADER = YES;
				CLANG_WARN_RANGE_LOOP_ANALYSIS = YES;
				CLANG_WARN_STRICT_PROTOTYPES = YES;
				CLANG_WARN_SUSPICIOUS_MOVE = YES;
				CLANG_WARN_UNGUARDED_AVAILABILITY = YES_AGGRESSIVE;
				CLANG_WARN_UNREACHABLE_CODE = YES;
				CLANG_WARN__DUPLICATE_METHOD_MATCH = YES;
				COPY_PHASE_STRIP = NO;
				DEBUG_INFORMATION_FORMAT = "dwarf-with-dsym";
				ENABLE_NS_ASSERTIONS = NO;
				ENABLE_STRICT_OBJC_MSGSEND = YES;
				ENABLE_USER_SCRIPT_SANDBOXING = YES;
				GCC_C_LANGUAGE_STANDARD = gnu17;
				GCC_NO_COMMON_BLOCKS = YES;
				GCC_WARN_64_TO_32_BIT_CONVERSION = YES;
				GCC_WARN_ABOUT_RETURN_TYPE = YES_ERROR;
				GCC_WARN_UNDECLARED_SELECTOR = YES;
				GCC_WARN_UNINITIALIZED_AUTOS = YES_AGGRESSIVE;
				GCC_WARN_UNUSED_FUNCTION = YES;
				GCC_WARN_UNUSED_VARIABLE = YES;
				IPHONEOS_DEPLOYMENT_TARGET = 17.5;
				LOCALIZATION_PREFERS_STRING_CATALOGS = YES;
				MTL_ENABLE_DEBUG_INFO = NO;
				MTL_FAST_MATH = YES;
				SDKROOT = iphoneos;
				SWIFT_COMPILATION_MODE = wholemodule;
				VALIDATE_PRODUCT = YES;
			};
			name = Release;
		};
		500B9BFA2CA5D90C007C0069 /* Debug */ = {
			isa = XCBuildConfiguration;
			buildSettings = {
				ASSETCATALOG_COMPILER_APPICON_NAME = AppIcon;
				ASSETCATALOG_COMPILER_GLOBAL_ACCENT_COLOR_NAME = AccentColor;
				CODE_SIGN_STYLE = Automatic;
				CURRENT_PROJECT_VERSION = 1;
				DEVELOPMENT_TEAM = U955A69RM8;
				GENERATE_INFOPLIST_FILE = YES;
				INFOPLIST_FILE = MatchEm/Info.plist;
				INFOPLIST_KEY_UIApplicationSupportsIndirectInputEvents = YES;
				INFOPLIST_KEY_UILaunchStoryboardName = LaunchScreen;
				INFOPLIST_KEY_UIMainStoryboardFile = Main;
				INFOPLIST_KEY_UISupportedInterfaceOrientations_iPad = "UIInterfaceOrientationPortrait UIInterfaceOrientationPortraitUpsideDown UIInterfaceOrientationLandscapeLeft UIInterfaceOrientationLandscapeRight";
				INFOPLIST_KEY_UISupportedInterfaceOrientations_iPhone = "UIInterfaceOrientationPortrait UIInterfaceOrientationLandscapeLeft UIInterfaceOrientationLandscapeRight";
				LD_RUNPATH_SEARCH_PATHS = (
					"$(inherited)",
					"@executable_path/Frameworks",
				);
				MARKETING_VERSION = 1.0;
				PRODUCT_BUNDLE_IDENTIFIER = com.nathanielcapeta.MatchEm;
				PRODUCT_NAME = "$(TARGET_NAME)";
				SWIFT_EMIT_LOC_STRINGS = YES;
				SWIFT_VERSION = 5.0;
				TARGETED_DEVICE_FAMILY = "1,2";
			};
			name = Debug;
		};
		500B9BFB2CA5D90C007C0069 /* Release */ = {
			isa = XCBuildConfiguration;
			buildSettings = {
				ASSETCATALOG_COMPILER_APPICON_NAME = AppIcon;
				ASSETCATALOG_COMPILER_GLOBAL_ACCENT_COLOR_NAME = AccentColor;
				CODE_SIGN_STYLE = Automatic;
				CURRENT_PROJECT_VERSION = 1;
				DEVELOPMENT_TEAM = U955A69RM8;
				GENERATE_INFOPLIST_FILE = YES;
				INFOPLIST_FILE = MatchEm/Info.plist;
				INFOPLIST_KEY_UIApplicationSupportsIndirectInputEvents = YES;
				INFOPLIST_KEY_UILaunchStoryboardName = LaunchScreen;
				INFOPLIST_KEY_UIMainStoryboardFile = Main;
				INFOPLIST_KEY_UISupportedInterfaceOrientations_iPad = "UIInterfaceOrientationPortrait UIInterfaceOrientationPortraitUpsideDown UIInterfaceOrientationLandscapeLeft UIInterfaceOrientationLandscapeRight";
				INFOPLIST_KEY_UISupportedInterfaceOrientations_iPhone = "UIInterfaceOrientationPortrait UIInterfaceOrientationLandscapeLeft UIInterfaceOrientationLandscapeRight";
				LD_RUNPATH_SEARCH_PATHS = (
					"$(inherited)",
					"@executable_path/Frameworks",
				);
				MARKETING_VERSION = 1.0;
				PRODUCT_BUNDLE_IDENTIFIER = com.nathanielcapeta.MatchEm;
				PRODUCT_NAME = "$(TARGET_NAME)";
				SWIFT_EMIT_LOC_STRINGS = YES;
				SWIFT_VERSION = 5.0;
				TARGETED_DEVICE_FAMILY = "1,2";
			};
			name = Release;
		};
		500B9BFD2CA5D90C007C0069 /* Debug */ = {
			isa = XCBuildConfiguration;
			buildSettings = {
				ALWAYS_EMBED_SWIFT_STANDARD_LIBRARIES = YES;
				BUNDLE_LOADER = "$(TEST_HOST)";
				CODE_SIGN_STYLE = Automatic;
				CURRENT_PROJECT_VERSION = 1;
				DEVELOPMENT_TEAM = U955A69RM8;
				GENERATE_INFOPLIST_FILE = YES;
				IPHONEOS_DEPLOYMENT_TARGET = 17.5;
				MARKETING_VERSION = 1.0;
				PRODUCT_BUNDLE_IDENTIFIER = com.nathanielcapeta.MatchEmTests;
				PRODUCT_NAME = "$(TARGET_NAME)";
				SWIFT_EMIT_LOC_STRINGS = NO;
				SWIFT_VERSION = 5.0;
				TARGETED_DEVICE_FAMILY = "1,2";
				TEST_HOST = "$(BUILT_PRODUCTS_DIR)/MatchEm.app/$(BUNDLE_EXECUTABLE_FOLDER_PATH)/MatchEm";
			};
			name = Debug;
		};
		500B9BFE2CA5D90C007C0069 /* Release */ = {
			isa = XCBuildConfiguration;
			buildSettings = {
				ALWAYS_EMBED_SWIFT_STANDARD_LIBRARIES = YES;
				BUNDLE_LOADER = "$(TEST_HOST)";
				CODE_SIGN_STYLE = Automatic;
				CURRENT_PROJECT_VERSION = 1;
				DEVELOPMENT_TEAM = U955A69RM8;
				GENERATE_INFOPLIST_FILE = YES;
				IPHONEOS_DEPLOYMENT_TARGET = 17.5;
				MARKETING_VERSION = 1.0;
				PRODUCT_BUNDLE_IDENTIFIER = com.nathanielcapeta.MatchEmTests;
				PRODUCT_NAME = "$(TARGET_NAME)";
				SWIFT_EMIT_LOC_STRINGS = NO;
				SWIFT_VERSION = 5.0;
				TARGETED_DEVICE_FAMILY = "1,2";
				TEST_HOST = "$(BUILT_PRODUCTS_DIR)/MatchEm.app/$(BUNDLE_EXECUTABLE_FOLDER_PATH)/MatchEm";
			};
			name = Release;
		};
		500B9C002CA5D90C007C0069 /* Debug */ = {
			isa = XCBuildConfiguration;
			buildSettings = {
				ALWAYS_EMBED_SWIFT_STANDARD_LIBRARIES = YES;
				CODE_SIGN_STYLE = Automatic;
				CURRENT_PROJECT_VERSION = 1;
				DEVELOPMENT_TEAM = U955A69RM8;
				GENERATE_INFOPLIST_FILE = YES;
				MARKETING_VERSION = 1.0;
				PRODUCT_BUNDLE_IDENTIFIER = com.nathanielcapeta.MatchEmUITests;
				PRODUCT_NAME = "$(TARGET_NAME)";
				SWIFT_EMIT_LOC_STRINGS = NO;
				SWIFT_VERSION = 5.0;
				TARGETED_DEVICE_FAMILY = "1,2";
				TEST_TARGET_NAME = MatchEm;
			};
			name = Debug;
		};
		500B9C012CA5D90C007C0069 /* Release */ = {
			isa = XCBuildConfiguration;
			buildSettings = {
				ALWAYS_EMBED_SWIFT_STANDARD_LIBRARIES = YES;
				CODE_SIGN_STYLE = Automatic;
				CURRENT_PROJECT_VERSION = 1;
				DEVELOPMENT_TEAM = U955A69RM8;
				GENERATE_INFOPLIST_FILE = YES;
				MARKETING_VERSION = 1.0;
				PRODUCT_BUNDLE_IDENTIFIER = com.nathanielcapeta.MatchEmUITests;
				PRODUCT_NAME = "$(TARGET_NAME)";
				SWIFT_EMIT_LOC_STRINGS = NO;
				SWIFT_VERSION = 5.0;
				TARGETED_DEVICE_FAMILY = "1,2";
				TEST_TARGET_NAME = MatchEm;
			};
			name = Release;
		};
/* End XCBuildConfiguration section */

/* Begin XCConfigurationList section */
		500B9BCA2CA5D909007C0069 /* Build configuration list for PBXProject "MatchEm" */ = {
			isa = XCConfigurationList;
			buildConfigurations = (
				500B9BF72CA5D90C007C0069 /* Debug */,
				500B9BF82CA5D90C007C0069 /* Release */,
			);
			defaultConfigurationIsVisible = 0;
			defaultConfigurationName = Release;
		};
		500B9BF92CA5D90C007C0069 /* Build configuration list for PBXNativeTarget "MatchEm" */ = {
			isa = XCConfigurationList;
			buildConfigurations = (
				500B9BFA2CA5D90C007C0069 /* Debug */,
				500B9BFB2CA5D90C007C0069 /* Release */,
			);
			defaultConfigurationIsVisible = 0;
			defaultConfigurationName = Release;
		};
		500B9BFC2CA5D90C007C0069 /* Build configuration list for PBXNativeTarget "MatchEmTests" */ = {
			isa = XCConfigurationList;
			buildConfigurations = (
				500B9BFD2CA5D90C007C0069 /* Debug */,
				500B9BFE2CA5D90C007C0069 /* Release */,
			);
			defaultConfigurationIsVisible = 0;
			defaultConfigurationName = Release;
		};
		500B9BFF2CA5D90C007C0069 /* Build configuration list for PBXNativeTarget "MatchEmUITests" */ = {
			isa = XCConfigurationList;
			buildConfigurations = (
				500B9C002CA5D90C007C0069 /* Debug */,
				500B9C012CA5D90C007C0069 /* Release */,
			);
			defaultConfigurationIsVisible = 0;
			defaultConfigurationName = Release;
		};
/* End XCConfigurationList section */
	};
	rootObject = 500B9BC72CA5D909007C0069 /* Project object */;
}
